
Microsoft Visual Studio Solution File, Format Version 12.00
# Visual Studio Version 17
VisualStudioVersion = 17.10.35013.160
MinimumVisualStudioVersion = 10.0.40219.1
Project("{F2A71F9B-5D33-465A-A702-920D77279786}") = "intro_asp", "intro_asp\intro_asp.fsproj", "{FED2DF2B-7B57-4091-A026-EB305B995EB1}"
EndProject
Global
	GlobalSection(SolutionConfigurationPlatforms) = preSolution
		Debug|Any CPU = Debug|Any CPU
		Release|Any CPU = Release|Any CPU
	EndGlobalSection
	GlobalSection(ProjectConfigurationPlatforms) = postSolution
		{FED2DF2B-7B57-4091-A026-EB305B995EB1}.Debug|Any CPU.ActiveCfg = Debug|Any CPU
		{FED2DF2B-7B57-4091-A026-EB305B995EB1}.Debug|Any CPU.Build.0 = Debug|Any CPU
		{FED2DF2B-7B57-4091-A026-EB305B995EB1}.Release|Any CPU.ActiveCfg = Release|Any CPU
		{FED2DF2B-7B57-4091-A026-EB305B995EB1}.Release|Any CPU.Build.0 = Release|Any CPU
	EndGlobalSection
	GlobalSection(SolutionProperties) = preSolution
		HideSolutionNode = FALSE
	EndGlobalSection
	GlobalSection(ExtensibilityGlobals) = postSolution
		SolutionGuid = {71A08868-2BE6-44AB-B340-3FA8CC3C9109}
	EndGlobalSection
EndGlobal
