
Microsoft Visual Studio Solution File, Format Version 12.00
# Visual Studio Version 17
VisualStudioVersion = 17.10.35013.160
MinimumVisualStudioVersion = 10.0.40219.1
Project("{FAE04EC0-301F-11D3-BF4B-00C04F79EFBC}") = "proyecto_1", "proyecto_1\proyecto_1.csproj", "{778A7D6A-18FE-4C78-BB12-AF949405A402}"
EndProject
Global
	GlobalSection(SolutionConfigurationPlatforms) = preSolution
		Debug|Any CPU = Debug|Any CPU
		Release|Any CPU = Release|Any CPU
	EndGlobalSection
	GlobalSection(ProjectConfigurationPlatforms) = postSolution
		{778A7D6A-18FE-4C78-BB12-AF949405A402}.Debug|Any CPU.ActiveCfg = Debug|Any CPU
		{778A7D6A-18FE-4C78-BB12-AF949405A402}.Debug|Any CPU.Build.0 = Debug|Any CPU
		{778A7D6A-18FE-4C78-BB12-AF949405A402}.Release|Any CPU.ActiveCfg = Release|Any CPU
		{778A7D6A-18FE-4C78-BB12-AF949405A402}.Release|Any CPU.Build.0 = Release|Any CPU
	EndGlobalSection
	GlobalSection(SolutionProperties) = preSolution
		HideSolutionNode = FALSE
	EndGlobalSection
	GlobalSection(ExtensibilityGlobals) = postSolution
		SolutionGuid = {24C47B10-C7C4-4126-8E35-4780E577D582}
	EndGlobalSection
EndGlobal
